
Microsoft Visual Studio Solution File, Format Version 12.00
# Visual Studio Version 16
VisualStudioVersion = 16.0.29215.179
MinimumVisualStudioVersion = 10.0.40219.1
Project("{FAE04EC0-301F-11D3-BF4B-00C04F79EFBC}") = "gamedeath", "gamedeath\gamedeath.csproj", "{33FDF6C9-EF9F-4CC2-BD8F-E6FDE869DC91}"
EndProject
Global
	GlobalSection(SolutionConfigurationPlatforms) = preSolution
		Debug|Any CPU = Debug|Any CPU
		Release|Any CPU = Release|Any CPU
	EndGlobalSection
	GlobalSection(ProjectConfigurationPlatforms) = postSolution
		{33FDF6C9-EF9F-4CC2-BD8F-E6FDE869DC91}.Debug|Any CPU.ActiveCfg = Debug|Any CPU
		{33FDF6C9-EF9F-4CC2-BD8F-E6FDE869DC91}.Debug|Any CPU.Build.0 = Debug|Any CPU
		{33FDF6C9-EF9F-4CC2-BD8F-E6FDE869DC91}.Release|Any CPU.ActiveCfg = Release|Any CPU
		{33FDF6C9-EF9F-4CC2-BD8F-E6FDE869DC91}.Release|Any CPU.Build.0 = Release|Any CPU
	EndGlobalSection
	GlobalSection(SolutionProperties) = preSolution
		HideSolutionNode = FALSE
	EndGlobalSection
	GlobalSection(ExtensibilityGlobals) = postSolution
		SolutionGuid = {99C3A4A2-7D9B-4C3C-AED2-3FEF56FB7B2C}
	EndGlobalSection
EndGlobal
